
Microsoft Visual Studio Solution File, Format Version 12.00
# Visual Studio 14
VisualStudioVersion = 14.0.25420.1
MinimumVisualStudioVersion = 10.0.40219.1
Project("{FAE04EC0-301F-11D3-BF4B-00C04F79EFBC}") = "web-server", "web-server\web-server.csproj", "{4C790629-84C5-48AD-8C1F-360964304B9B}"
EndProject
Project("{FAE04EC0-301F-11D3-BF4B-00C04F79EFBC}") = "web-server.Tests", "web-server.Tests\web-server.Tests.csproj", "{665A8D15-71E2-4EAC-A431-34B6765359A8}"
EndProject
Project("{FAE04EC0-301F-11D3-BF4B-00C04F79EFBC}") = "web-server.Model", "web-server.Model\web-server.Model.csproj", "{D62E8066-343F-4BB3-9ED2-06A70FEA0928}"
EndProject
Global
	GlobalSection(SolutionConfigurationPlatforms) = preSolution
		Debug|Any CPU = Debug|Any CPU
		Release|Any CPU = Release|Any CPU
	EndGlobalSection
	GlobalSection(ProjectConfigurationPlatforms) = postSolution
		{4C790629-84C5-48AD-8C1F-360964304B9B}.Debug|Any CPU.ActiveCfg = Debug|Any CPU
		{4C790629-84C5-48AD-8C1F-360964304B9B}.Debug|Any CPU.Build.0 = Debug|Any CPU
		{4C790629-84C5-48AD-8C1F-360964304B9B}.Release|Any CPU.ActiveCfg = Release|Any CPU
		{4C790629-84C5-48AD-8C1F-360964304B9B}.Release|Any CPU.Build.0 = Release|Any CPU
		{665A8D15-71E2-4EAC-A431-34B6765359A8}.Debug|Any CPU.ActiveCfg = Debug|Any CPU
		{665A8D15-71E2-4EAC-A431-34B6765359A8}.Debug|Any CPU.Build.0 = Debug|Any CPU
		{665A8D15-71E2-4EAC-A431-34B6765359A8}.Release|Any CPU.ActiveCfg = Release|Any CPU
		{665A8D15-71E2-4EAC-A431-34B6765359A8}.Release|Any CPU.Build.0 = Release|Any CPU
		{D62E8066-343F-4BB3-9ED2-06A70FEA0928}.Debug|Any CPU.ActiveCfg = Debug|Any CPU
		{D62E8066-343F-4BB3-9ED2-06A70FEA0928}.Debug|Any CPU.Build.0 = Debug|Any CPU
		{D62E8066-343F-4BB3-9ED2-06A70FEA0928}.Release|Any CPU.ActiveCfg = Release|Any CPU
		{D62E8066-343F-4BB3-9ED2-06A70FEA0928}.Release|Any CPU.Build.0 = Release|Any CPU
	EndGlobalSection
	GlobalSection(SolutionProperties) = preSolution
		HideSolutionNode = FALSE
	EndGlobalSection
EndGlobal
