
Microsoft Visual Studio Solution File, Format Version 12.00
# Visual Studio 14
VisualStudioVersion = 14.0.25420.1
MinimumVisualStudioVersion = 10.0.40219.1
Project("{FAE04EC0-301F-11D3-BF4B-00C04F79EFBC}") = "api-client-provider", "api-client-provider\api-client-provider.csproj", "{541A358A-821E-4CBF-AA78-C7E9B15BFFFB}"
EndProject
Global
	GlobalSection(SolutionConfigurationPlatforms) = preSolution
		Debug|Any CPU = Debug|Any CPU
		Release|Any CPU = Release|Any CPU
	EndGlobalSection
	GlobalSection(ProjectConfigurationPlatforms) = postSolution
		{541A358A-821E-4CBF-AA78-C7E9B15BFFFB}.Debug|Any CPU.ActiveCfg = Debug|Any CPU
		{541A358A-821E-4CBF-AA78-C7E9B15BFFFB}.Debug|Any CPU.Build.0 = Debug|Any CPU
		{541A358A-821E-4CBF-AA78-C7E9B15BFFFB}.Release|Any CPU.ActiveCfg = Release|Any CPU
		{541A358A-821E-4CBF-AA78-C7E9B15BFFFB}.Release|Any CPU.Build.0 = Release|Any CPU
	EndGlobalSection
	GlobalSection(SolutionProperties) = preSolution
		HideSolutionNode = FALSE
	EndGlobalSection
EndGlobal
